
Microsoft Visual Studio Solution File, Format Version 12.00
# Visual Studio Version 17
VisualStudioVersion = 17.9.34723.18
MinimumVisualStudioVersion = 10.0.40219.1
Project("{FAE04EC0-301F-11D3-BF4B-00C04F79EFBC}") = "MemoScope", "MemoScope\MemoScope.csproj", "{D6AD45CF-3691-4A6F-8AA0-28FEA3B87BFB}"
EndProject
Project("{FAE04EC0-301F-11D3-BF4B-00C04F79EFBC}") = "MemoScopeApi", "MemoScopeApi\MemoScopeApi.csproj", "{8363C100-7197-474E-A951-1402AB9E4D03}"
EndProject
Project("{FAE04EC0-301F-11D3-BF4B-00C04F79EFBC}") = "EasyHook", "EasyHook\EasyHook.csproj", "{AB53862B-3B5C-4EFC-9787-1F01199EBFBF}"
EndProject
Project("{FAE04EC0-301F-11D3-BF4B-00C04F79EFBC}") = "EasyLoad", "EasyLoad\EasyLoad.csproj", "{A563904A-09F4-40AB-AE16-9EC9B488EAE5}"
EndProject
Project("{FAE04EC0-301F-11D3-BF4B-00C04F79EFBC}") = "MemoScopeInject", "MemoScopeInject\MemoScopeInject.csproj", "{F625BFC5-2DDC-4680-870A-94FBEDBAB7C7}"
EndProject
Project("{FAE04EC0-301F-11D3-BF4B-00C04F79EFBC}") = "EasyHookSvc", "EasyHookSvc\EasyHookSvc.csproj", "{B9A68E47-237F-4045-A371-D5CCEB896F7F}"
EndProject
Project("{FAE04EC0-301F-11D3-BF4B-00C04F79EFBC}") = "WinFwk", "WinFwk\WinFwk.csproj", "{B421F218-4883-4FF6-A186-719DD0A30A1E}"
EndProject
Global
	GlobalSection(SolutionConfigurationPlatforms) = preSolution
		Debug|Any CPU = Debug|Any CPU
		Debug|x64 = Debug|x64
		Debug|x86 = Debug|x86
		Release|Any CPU = Release|Any CPU
		Release|x64 = Release|x64
		Release|x86 = Release|x86
	EndGlobalSection
	GlobalSection(ProjectConfigurationPlatforms) = postSolution
		{D6AD45CF-3691-4A6F-8AA0-28FEA3B87BFB}.Debug|Any CPU.ActiveCfg = Debug|x64
		{D6AD45CF-3691-4A6F-8AA0-28FEA3B87BFB}.Debug|Any CPU.Build.0 = Debug|x64
		{D6AD45CF-3691-4A6F-8AA0-28FEA3B87BFB}.Debug|x64.ActiveCfg = Debug|x64
		{D6AD45CF-3691-4A6F-8AA0-28FEA3B87BFB}.Debug|x64.Build.0 = Debug|x64
		{D6AD45CF-3691-4A6F-8AA0-28FEA3B87BFB}.Debug|x86.ActiveCfg = Debug|x86
		{D6AD45CF-3691-4A6F-8AA0-28FEA3B87BFB}.Debug|x86.Build.0 = Debug|x86
		{D6AD45CF-3691-4A6F-8AA0-28FEA3B87BFB}.Release|Any CPU.ActiveCfg = Release|x64
		{D6AD45CF-3691-4A6F-8AA0-28FEA3B87BFB}.Release|Any CPU.Build.0 = Release|x64
		{D6AD45CF-3691-4A6F-8AA0-28FEA3B87BFB}.Release|x64.ActiveCfg = Release|x64
		{D6AD45CF-3691-4A6F-8AA0-28FEA3B87BFB}.Release|x64.Build.0 = Release|x64
		{D6AD45CF-3691-4A6F-8AA0-28FEA3B87BFB}.Release|x86.ActiveCfg = Release|x86
		{D6AD45CF-3691-4A6F-8AA0-28FEA3B87BFB}.Release|x86.Build.0 = Release|x86
		{8363C100-7197-474E-A951-1402AB9E4D03}.Debug|Any CPU.ActiveCfg = Debug|Any CPU
		{8363C100-7197-474E-A951-1402AB9E4D03}.Debug|Any CPU.Build.0 = Debug|Any CPU
		{8363C100-7197-474E-A951-1402AB9E4D03}.Debug|x64.ActiveCfg = Debug|Any CPU
		{8363C100-7197-474E-A951-1402AB9E4D03}.Debug|x64.Build.0 = Debug|Any CPU
		{8363C100-7197-474E-A951-1402AB9E4D03}.Debug|x86.ActiveCfg = Debug|Any CPU
		{8363C100-7197-474E-A951-1402AB9E4D03}.Debug|x86.Build.0 = Debug|Any CPU
		{8363C100-7197-474E-A951-1402AB9E4D03}.Release|Any CPU.ActiveCfg = Release|Any CPU
		{8363C100-7197-474E-A951-1402AB9E4D03}.Release|Any CPU.Build.0 = Release|Any CPU
		{8363C100-7197-474E-A951-1402AB9E4D03}.Release|x64.ActiveCfg = Release|Any CPU
		{8363C100-7197-474E-A951-1402AB9E4D03}.Release|x64.Build.0 = Release|Any CPU
		{8363C100-7197-474E-A951-1402AB9E4D03}.Release|x86.ActiveCfg = Release|Any CPU
		{8363C100-7197-474E-A951-1402AB9E4D03}.Release|x86.Build.0 = Release|Any CPU
		{AB53862B-3B5C-4EFC-9787-1F01199EBFBF}.Debug|Any CPU.ActiveCfg = Debug|Any CPU
		{AB53862B-3B5C-4EFC-9787-1F01199EBFBF}.Debug|Any CPU.Build.0 = Debug|Any CPU
		{AB53862B-3B5C-4EFC-9787-1F01199EBFBF}.Debug|x64.ActiveCfg = Debug|Any CPU
		{AB53862B-3B5C-4EFC-9787-1F01199EBFBF}.Debug|x64.Build.0 = Debug|Any CPU
		{AB53862B-3B5C-4EFC-9787-1F01199EBFBF}.Debug|x86.ActiveCfg = Debug|Any CPU
		{AB53862B-3B5C-4EFC-9787-1F01199EBFBF}.Debug|x86.Build.0 = Debug|Any CPU
		{AB53862B-3B5C-4EFC-9787-1F01199EBFBF}.Release|Any CPU.ActiveCfg = Release|Any CPU
		{AB53862B-3B5C-4EFC-9787-1F01199EBFBF}.Release|Any CPU.Build.0 = Release|Any CPU
		{AB53862B-3B5C-4EFC-9787-1F01199EBFBF}.Release|x64.ActiveCfg = Release|Any CPU
		{AB53862B-3B5C-4EFC-9787-1F01199EBFBF}.Release|x64.Build.0 = Release|Any CPU
		{AB53862B-3B5C-4EFC-9787-1F01199EBFBF}.Release|x86.ActiveCfg = Release|Any CPU
		{AB53862B-3B5C-4EFC-9787-1F01199EBFBF}.Release|x86.Build.0 = Release|Any CPU
		{A563904A-09F4-40AB-AE16-9EC9B488EAE5}.Debug|Any CPU.ActiveCfg = Debug|x64
		{A563904A-09F4-40AB-AE16-9EC9B488EAE5}.Debug|Any CPU.Build.0 = Debug|x64
		{A563904A-09F4-40AB-AE16-9EC9B488EAE5}.Debug|x64.ActiveCfg = Debug|x64
		{A563904A-09F4-40AB-AE16-9EC9B488EAE5}.Debug|x64.Build.0 = Debug|x64
		{A563904A-09F4-40AB-AE16-9EC9B488EAE5}.Debug|x86.ActiveCfg = Debug|x86
		{A563904A-09F4-40AB-AE16-9EC9B488EAE5}.Debug|x86.Build.0 = Debug|x86
		{A563904A-09F4-40AB-AE16-9EC9B488EAE5}.Release|Any CPU.ActiveCfg = Release|x64
		{A563904A-09F4-40AB-AE16-9EC9B488EAE5}.Release|Any CPU.Build.0 = Release|x64
		{A563904A-09F4-40AB-AE16-9EC9B488EAE5}.Release|x64.ActiveCfg = Release|x64
		{A563904A-09F4-40AB-AE16-9EC9B488EAE5}.Release|x64.Build.0 = Release|x64
		{A563904A-09F4-40AB-AE16-9EC9B488EAE5}.Release|x86.ActiveCfg = Release|x86
		{A563904A-09F4-40AB-AE16-9EC9B488EAE5}.Release|x86.Build.0 = Release|x86
		{F625BFC5-2DDC-4680-870A-94FBEDBAB7C7}.Debug|Any CPU.ActiveCfg = Debug|Any CPU
		{F625BFC5-2DDC-4680-870A-94FBEDBAB7C7}.Debug|Any CPU.Build.0 = Debug|Any CPU
		{F625BFC5-2DDC-4680-870A-94FBEDBAB7C7}.Debug|x64.ActiveCfg = Debug|Any CPU
		{F625BFC5-2DDC-4680-870A-94FBEDBAB7C7}.Debug|x64.Build.0 = Debug|Any CPU
		{F625BFC5-2DDC-4680-870A-94FBEDBAB7C7}.Debug|x86.ActiveCfg = Debug|Any CPU
		{F625BFC5-2DDC-4680-870A-94FBEDBAB7C7}.Debug|x86.Build.0 = Debug|Any CPU
		{F625BFC5-2DDC-4680-870A-94FBEDBAB7C7}.Release|Any CPU.ActiveCfg = Release|Any CPU
		{F625BFC5-2DDC-4680-870A-94FBEDBAB7C7}.Release|Any CPU.Build.0 = Release|Any CPU
		{F625BFC5-2DDC-4680-870A-94FBEDBAB7C7}.Release|x64.ActiveCfg = Release|Any CPU
		{F625BFC5-2DDC-4680-870A-94FBEDBAB7C7}.Release|x64.Build.0 = Release|Any CPU
		{F625BFC5-2DDC-4680-870A-94FBEDBAB7C7}.Release|x86.ActiveCfg = Release|Any CPU
		{F625BFC5-2DDC-4680-870A-94FBEDBAB7C7}.Release|x86.Build.0 = Release|Any CPU
		{B9A68E47-237F-4045-A371-D5CCEB896F7F}.Debug|Any CPU.ActiveCfg = Debug|x64
		{B9A68E47-237F-4045-A371-D5CCEB896F7F}.Debug|Any CPU.Build.0 = Debug|x64
		{B9A68E47-237F-4045-A371-D5CCEB896F7F}.Debug|x64.ActiveCfg = Debug|x64
		{B9A68E47-237F-4045-A371-D5CCEB896F7F}.Debug|x64.Build.0 = Debug|x64
		{B9A68E47-237F-4045-A371-D5CCEB896F7F}.Debug|x86.ActiveCfg = Debug|x86
		{B9A68E47-237F-4045-A371-D5CCEB896F7F}.Debug|x86.Build.0 = Debug|x86
		{B9A68E47-237F-4045-A371-D5CCEB896F7F}.Release|Any CPU.ActiveCfg = Release|x64
		{B9A68E47-237F-4045-A371-D5CCEB896F7F}.Release|Any CPU.Build.0 = Release|x64
		{B9A68E47-237F-4045-A371-D5CCEB896F7F}.Release|x64.ActiveCfg = Release|x64
		{B9A68E47-237F-4045-A371-D5CCEB896F7F}.Release|x64.Build.0 = Release|x64
		{B9A68E47-237F-4045-A371-D5CCEB896F7F}.Release|x86.ActiveCfg = Release|x86
		{B9A68E47-237F-4045-A371-D5CCEB896F7F}.Release|x86.Build.0 = Release|x86
		{B421F218-4883-4FF6-A186-719DD0A30A1E}.Debug|Any CPU.ActiveCfg = Debug|Any CPU
		{B421F218-4883-4FF6-A186-719DD0A30A1E}.Debug|Any CPU.Build.0 = Debug|Any CPU
		{B421F218-4883-4FF6-A186-719DD0A30A1E}.Debug|x64.ActiveCfg = Debug|x64
		{B421F218-4883-4FF6-A186-719DD0A30A1E}.Debug|x64.Build.0 = Debug|x64
		{B421F218-4883-4FF6-A186-719DD0A30A1E}.Debug|x86.ActiveCfg = Debug|x86
		{B421F218-4883-4FF6-A186-719DD0A30A1E}.Debug|x86.Build.0 = Debug|x86
		{B421F218-4883-4FF6-A186-719DD0A30A1E}.Release|Any CPU.ActiveCfg = Release|Any CPU
		{B421F218-4883-4FF6-A186-719DD0A30A1E}.Release|Any CPU.Build.0 = Release|Any CPU
		{B421F218-4883-4FF6-A186-719DD0A30A1E}.Release|x64.ActiveCfg = Release|x64
		{B421F218-4883-4FF6-A186-719DD0A30A1E}.Release|x64.Build.0 = Release|x64
		{B421F218-4883-4FF6-A186-719DD0A30A1E}.Release|x86.ActiveCfg = Release|x86
		{B421F218-4883-4FF6-A186-719DD0A30A1E}.Release|x86.Build.0 = Release|x86
	EndGlobalSection
	GlobalSection(SolutionProperties) = preSolution
		HideSolutionNode = FALSE
	EndGlobalSection
	GlobalSection(ExtensibilityGlobals) = postSolution
		SolutionGuid = {BC7453DF-1072-4A82-B0E2-F44A6F5C58E7}
	EndGlobalSection
EndGlobal
